
Microsoft Visual Studio Solution File, Format Version 12.00
# Visual Studio 15
VisualStudioVersion = 15.0.28307.329
MinimumVisualStudioVersion = 10.0.40219.1
Project("{FAE04EC0-301F-11D3-BF4B-00C04F79EFBC}") = "Mpinane-Backend", "Mpinane-Backend\Mpinane-Backend.csproj", "{1937B96E-9DA6-40DD-9164-13DA1B9A0102}"
EndProject
Global
	GlobalSection(SolutionConfigurationPlatforms) = preSolution
		Debug|Any CPU = Debug|Any CPU
		Release|Any CPU = Release|Any CPU
	EndGlobalSection
	GlobalSection(ProjectConfigurationPlatforms) = postSolution
		{1937B96E-9DA6-40DD-9164-13DA1B9A0102}.Debug|Any CPU.ActiveCfg = Debug|Any CPU
		{1937B96E-9DA6-40DD-9164-13DA1B9A0102}.Debug|Any CPU.Build.0 = Debug|Any CPU
		{1937B96E-9DA6-40DD-9164-13DA1B9A0102}.Release|Any CPU.ActiveCfg = Release|Any CPU
		{1937B96E-9DA6-40DD-9164-13DA1B9A0102}.Release|Any CPU.Build.0 = Release|Any CPU
	EndGlobalSection
	GlobalSection(SolutionProperties) = preSolution
		HideSolutionNode = FALSE
	EndGlobalSection
	GlobalSection(ExtensibilityGlobals) = postSolution
		SolutionGuid = {419BFA08-A8B4-4662-9438-7047B4919A14}
	EndGlobalSection
EndGlobal
